
Microsoft Visual Studio Solution File, Format Version 12.00
# Visual Studio Version 17
VisualStudioVersion = 17.11.35222.181
MinimumVisualStudioVersion = 10.0.40219.1
Project("{8BC9CEB8-8B4A-11D0-8D11-00A0C91BC942}") = "КР_2", "КР_2\КР_2.vcxproj", "{D17F3653-16D9-4AFD-B181-3829C47C79A7}"
EndProject
Global
	GlobalSection(SolutionConfigurationPlatforms) = preSolution
		Debug|x64 = Debug|x64
		Debug|x86 = Debug|x86
		Release|x64 = Release|x64
		Release|x86 = Release|x86
	EndGlobalSection
	GlobalSection(ProjectConfigurationPlatforms) = postSolution
		{D17F3653-16D9-4AFD-B181-3829C47C79A7}.Debug|x64.ActiveCfg = Debug|x64
		{D17F3653-16D9-4AFD-B181-3829C47C79A7}.Debug|x64.Build.0 = Debug|x64
		{D17F3653-16D9-4AFD-B181-3829C47C79A7}.Debug|x86.ActiveCfg = Debug|Win32
		{D17F3653-16D9-4AFD-B181-3829C47C79A7}.Debug|x86.Build.0 = Debug|Win32
		{D17F3653-16D9-4AFD-B181-3829C47C79A7}.Release|x64.ActiveCfg = Release|x64
		{D17F3653-16D9-4AFD-B181-3829C47C79A7}.Release|x64.Build.0 = Release|x64
		{D17F3653-16D9-4AFD-B181-3829C47C79A7}.Release|x86.ActiveCfg = Release|Win32
		{D17F3653-16D9-4AFD-B181-3829C47C79A7}.Release|x86.Build.0 = Release|Win32
	EndGlobalSection
	GlobalSection(SolutionProperties) = preSolution
		HideSolutionNode = FALSE
	EndGlobalSection
	GlobalSection(ExtensibilityGlobals) = postSolution
		SolutionGuid = {3377D09C-35BD-4224-BCC2-2D2A8DEF8B39}
	EndGlobalSection
EndGlobal
